
Microsoft Visual Studio Solution File, Format Version 12.00
# Visual Studio Version 17
VisualStudioVersion = 17.0.31903.59
MinimumVisualStudioVersion = 10.0.40219.1
Project("{FAE04EC0-301F-11D3-BF4B-00C04F79EFBC}") = "CineAI.API", "CineAI.API\CineAI.API.csproj", "{AEDCE3F2-819F-4DD6-9065-90D75292B2C4}"
EndProject
Project("{FAE04EC0-301F-11D3-BF4B-00C04F79EFBC}") = "CineAI.Application", "CineAI.Application\CineAI.Application.csproj", "{CB03241B-46FC-4D9A-B24D-E3F0624D64E1}"
EndProject
Project("{FAE04EC0-301F-11D3-BF4B-00C04F79EFBC}") = "CineAI.Domain", "CineAI.Domain\CineAI.Domain.csproj", "{0A83B1EC-B861-4EEA-8605-92F728D33414}"
EndProject
Project("{FAE04EC0-301F-11D3-BF4B-00C04F79EFBC}") = "CineAI.Infrastructure", "CineAI.Infrastructure\CineAI.Infrastructure.csproj", "{3E083B6A-77D6-4BEF-90FA-D3C18054EEE7}"
EndProject
Project("{FAE04EC0-301F-11D3-BF4B-00C04F79EFBC}") = "CineAI.AI", "..\services\CineAI.AI\CineAI.AI.csproj", "{7F516D4C-0319-48F6-9FB0-EBB91A12BC9A}"
EndProject
Project("{FAE04EC0-301F-11D3-BF4B-00C04F79EFBC}") = "CineAI.Video", "..\services\CineAI.Video\CineAI.Video.csproj", "{EE9F1CD6-E469-4367-A008-87C246A57C23}"
EndProject
Project("{FAE04EC0-301F-11D3-BF4B-00C04F79EFBC}") = "CineAI.Storage", "..\services\CineAI.Storage\CineAI.Storage.csproj", "{28514F45-4F2B-4C69-99EE-022873F33A50}"
EndProject
Project("{FAE04EC0-301F-11D3-BF4B-00C04F79EFBC}") = "CineAI.Media", "..\services\CineAI.Media\CineAI.Media.csproj", "{A1196FC6-4599-4756-AA24-181EB7BAEC1C}"
EndProject
Project("{FAE04EC0-301F-11D3-BF4B-00C04F79EFBC}") = "CineAI.Worker", "..\workers\CineAI.Worker\CineAI.Worker.csproj", "{7B89973D-CDDC-4655-91DF-1AD66F87F5F0}"
EndProject
Global
	GlobalSection(SolutionConfigurationPlatforms) = preSolution
		Debug|Any CPU = Debug|Any CPU
		Debug|x64 = Debug|x64
		Debug|x86 = Debug|x86
		Release|Any CPU = Release|Any CPU
		Release|x64 = Release|x64
		Release|x86 = Release|x86
	EndGlobalSection
	GlobalSection(ProjectConfigurationPlatforms) = postSolution
		{AEDCE3F2-819F-4DD6-9065-90D75292B2C4}.Debug|Any CPU.ActiveCfg = Debug|Any CPU
		{AEDCE3F2-819F-4DD6-9065-90D75292B2C4}.Debug|Any CPU.Build.0 = Debug|Any CPU
		{AEDCE3F2-819F-4DD6-9065-90D75292B2C4}.Debug|x64.ActiveCfg = Debug|Any CPU
		{AEDCE3F2-819F-4DD6-9065-90D75292B2C4}.Debug|x64.Build.0 = Debug|Any CPU
		{AEDCE3F2-819F-4DD6-9065-90D75292B2C4}.Debug|x86.ActiveCfg = Debug|Any CPU
		{AEDCE3F2-819F-4DD6-9065-90D75292B2C4}.Debug|x86.Build.0 = Debug|Any CPU
		{AEDCE3F2-819F-4DD6-9065-90D75292B2C4}.Release|Any CPU.ActiveCfg = Release|Any CPU
		{AEDCE3F2-819F-4DD6-9065-90D75292B2C4}.Release|Any CPU.Build.0 = Release|Any CPU
		{AEDCE3F2-819F-4DD6-9065-90D75292B2C4}.Release|x64.ActiveCfg = Release|Any CPU
		{AEDCE3F2-819F-4DD6-9065-90D75292B2C4}.Release|x64.Build.0 = Release|Any CPU
		{AEDCE3F2-819F-4DD6-9065-90D75292B2C4}.Release|x86.ActiveCfg = Release|Any CPU
		{AEDCE3F2-819F-4DD6-9065-90D75292B2C4}.Release|x86.Build.0 = Release|Any CPU
		{CB03241B-46FC-4D9A-B24D-E3F0624D64E1}.Debug|Any CPU.ActiveCfg = Debug|Any CPU
		{CB03241B-46FC-4D9A-B24D-E3F0624D64E1}.Debug|Any CPU.Build.0 = Debug|Any CPU
		{CB03241B-46FC-4D9A-B24D-E3F0624D64E1}.Debug|x64.ActiveCfg = Debug|Any CPU
		{CB03241B-46FC-4D9A-B24D-E3F0624D64E1}.Debug|x64.Build.0 = Debug|Any CPU
		{CB03241B-46FC-4D9A-B24D-E3F0624D64E1}.Debug|x86.ActiveCfg = Debug|Any CPU
		{CB03241B-46FC-4D9A-B24D-E3F0624D64E1}.Debug|x86.Build.0 = Debug|Any CPU
		{CB03241B-46FC-4D9A-B24D-E3F0624D64E1}.Release|Any CPU.ActiveCfg = Release|Any CPU
		{CB03241B-46FC-4D9A-B24D-E3F0624D64E1}.Release|Any CPU.Build.0 = Release|Any CPU
		{CB03241B-46FC-4D9A-B24D-E3F0624D64E1}.Release|x64.ActiveCfg = Release|Any CPU
		{CB03241B-46FC-4D9A-B24D-E3F0624D64E1}.Release|x64.Build.0 = Release|Any CPU
		{CB03241B-46FC-4D9A-B24D-E3F0624D64E1}.Release|x86.ActiveCfg = Release|Any CPU
		{CB03241B-46FC-4D9A-B24D-E3F0624D64E1}.Release|x86.Build.0 = Release|Any CPU
		{0A83B1EC-B861-4EEA-8605-92F728D33414}.Debug|Any CPU.ActiveCfg = Debug|Any CPU
		{0A83B1EC-B861-4EEA-8605-92F728D33414}.Debug|Any CPU.Build.0 = Debug|Any CPU
		{0A83B1EC-B861-4EEA-8605-92F728D33414}.Debug|x64.ActiveCfg = Debug|Any CPU
		{0A83B1EC-B861-4EEA-8605-92F728D33414}.Debug|x64.Build.0 = Debug|Any CPU
		{0A83B1EC-B861-4EEA-8605-92F728D33414}.Debug|x86.ActiveCfg = Debug|Any CPU
		{0A83B1EC-B861-4EEA-8605-92F728D33414}.Debug|x86.Build.0 = Debug|Any CPU
		{0A83B1EC-B861-4EEA-8605-92F728D33414}.Release|Any CPU.ActiveCfg = Release|Any CPU
		{0A83B1EC-B861-4EEA-8605-92F728D33414}.Release|Any CPU.Build.0 = Release|Any CPU
		{0A83B1EC-B861-4EEA-8605-92F728D33414}.Release|x64.ActiveCfg = Release|Any CPU
		{0A83B1EC-B861-4EEA-8605-92F728D33414}.Release|x64.Build.0 = Release|Any CPU
		{0A83B1EC-B861-4EEA-8605-92F728D33414}.Release|x86.ActiveCfg = Release|Any CPU
		{0A83B1EC-B861-4EEA-8605-92F728D33414}.Release|x86.Build.0 = Release|Any CPU
		{3E083B6A-77D6-4BEF-90FA-D3C18054EEE7}.Debug|Any CPU.ActiveCfg = Debug|Any CPU
		{3E083B6A-77D6-4BEF-90FA-D3C18054EEE7}.Debug|Any CPU.Build.0 = Debug|Any CPU
		{3E083B6A-77D6-4BEF-90FA-D3C18054EEE7}.Debug|x64.ActiveCfg = Debug|Any CPU
		{3E083B6A-77D6-4BEF-90FA-D3C18054EEE7}.Debug|x64.Build.0 = Debug|Any CPU
		{3E083B6A-77D6-4BEF-90FA-D3C18054EEE7}.Debug|x86.ActiveCfg = Debug|Any CPU
		{3E083B6A-77D6-4BEF-90FA-D3C18054EEE7}.Debug|x86.Build.0 = Debug|Any CPU
		{3E083B6A-77D6-4BEF-90FA-D3C18054EEE7}.Release|Any CPU.ActiveCfg = Release|Any CPU
		{3E083B6A-77D6-4BEF-90FA-D3C18054EEE7}.Release|Any CPU.Build.0 = Release|Any CPU
		{3E083B6A-77D6-4BEF-90FA-D3C18054EEE7}.Release|x64.ActiveCfg = Release|Any CPU
		{3E083B6A-77D6-4BEF-90FA-D3C18054EEE7}.Release|x64.Build.0 = Release|Any CPU
		{3E083B6A-77D6-4BEF-90FA-D3C18054EEE7}.Release|x86.ActiveCfg = Release|Any CPU
		{3E083B6A-77D6-4BEF-90FA-D3C18054EEE7}.Release|x86.Build.0 = Release|Any CPU
		{7F516D4C-0319-48F6-9FB0-EBB91A12BC9A}.Debug|Any CPU.ActiveCfg = Debug|Any CPU
		{7F516D4C-0319-48F6-9FB0-EBB91A12BC9A}.Debug|Any CPU.Build.0 = Debug|Any CPU
		{7F516D4C-0319-48F6-9FB0-EBB91A12BC9A}.Debug|x64.ActiveCfg = Debug|Any CPU
		{7F516D4C-0319-48F6-9FB0-EBB91A12BC9A}.Debug|x64.Build.0 = Debug|Any CPU
		{7F516D4C-0319-48F6-9FB0-EBB91A12BC9A}.Debug|x86.ActiveCfg = Debug|Any CPU
		{7F516D4C-0319-48F6-9FB0-EBB91A12BC9A}.Debug|x86.Build.0 = Debug|Any CPU
		{7F516D4C-0319-48F6-9FB0-EBB91A12BC9A}.Release|Any CPU.ActiveCfg = Release|Any CPU
		{7F516D4C-0319-48F6-9FB0-EBB91A12BC9A}.Release|Any CPU.Build.0 = Release|Any CPU
		{7F516D4C-0319-48F6-9FB0-EBB91A12BC9A}.Release|x64.ActiveCfg = Release|Any CPU
		{7F516D4C-0319-48F6-9FB0-EBB91A12BC9A}.Release|x64.Build.0 = Release|Any CPU
		{7F516D4C-0319-48F6-9FB0-EBB91A12BC9A}.Release|x86.ActiveCfg = Release|Any CPU
		{7F516D4C-0319-48F6-9FB0-EBB91A12BC9A}.Release|x86.Build.0 = Release|Any CPU
		{EE9F1CD6-E469-4367-A008-87C246A57C23}.Debug|Any CPU.ActiveCfg = Debug|Any CPU
		{EE9F1CD6-E469-4367-A008-87C246A57C23}.Debug|Any CPU.Build.0 = Debug|Any CPU
		{EE9F1CD6-E469-4367-A008-87C246A57C23}.Debug|x64.ActiveCfg = Debug|Any CPU
		{EE9F1CD6-E469-4367-A008-87C246A57C23}.Debug|x64.Build.0 = Debug|Any CPU
		{EE9F1CD6-E469-4367-A008-87C246A57C23}.Debug|x86.ActiveCfg = Debug|Any CPU
		{EE9F1CD6-E469-4367-A008-87C246A57C23}.Debug|x86.Build.0 = Debug|Any CPU
		{EE9F1CD6-E469-4367-A008-87C246A57C23}.Release|Any CPU.ActiveCfg = Release|Any CPU
		{EE9F1CD6-E469-4367-A008-87C246A57C23}.Release|Any CPU.Build.0 = Release|Any CPU
		{EE9F1CD6-E469-4367-A008-87C246A57C23}.Release|x64.ActiveCfg = Release|Any CPU
		{EE9F1CD6-E469-4367-A008-87C246A57C23}.Release|x64.Build.0 = Release|Any CPU
		{EE9F1CD6-E469-4367-A008-87C246A57C23}.Release|x86.ActiveCfg = Release|Any CPU
		{EE9F1CD6-E469-4367-A008-87C246A57C23}.Release|x86.Build.0 = Release|Any CPU
		{28514F45-4F2B-4C69-99EE-022873F33A50}.Debug|Any CPU.ActiveCfg = Debug|Any CPU
		{28514F45-4F2B-4C69-99EE-022873F33A50}.Debug|Any CPU.Build.0 = Debug|Any CPU
		{28514F45-4F2B-4C69-99EE-022873F33A50}.Debug|x64.ActiveCfg = Debug|Any CPU
		{28514F45-4F2B-4C69-99EE-022873F33A50}.Debug|x64.Build.0 = Debug|Any CPU
		{28514F45-4F2B-4C69-99EE-022873F33A50}.Debug|x86.ActiveCfg = Debug|Any CPU
		{28514F45-4F2B-4C69-99EE-022873F33A50}.Debug|x86.Build.0 = Debug|Any CPU
		{28514F45-4F2B-4C69-99EE-022873F33A50}.Release|Any CPU.ActiveCfg = Release|Any CPU
		{28514F45-4F2B-4C69-99EE-022873F33A50}.Release|Any CPU.Build.0 = Release|Any CPU
		{28514F45-4F2B-4C69-99EE-022873F33A50}.Release|x64.ActiveCfg = Release|Any CPU
		{28514F45-4F2B-4C69-99EE-022873F33A50}.Release|x64.Build.0 = Release|Any CPU
		{28514F45-4F2B-4C69-99EE-022873F33A50}.Release|x86.ActiveCfg = Release|Any CPU
		{28514F45-4F2B-4C69-99EE-022873F33A50}.Release|x86.Build.0 = Release|Any CPU
		{A1196FC6-4599-4756-AA24-181EB7BAEC1C}.Debug|Any CPU.ActiveCfg = Debug|Any CPU
		{A1196FC6-4599-4756-AA24-181EB7BAEC1C}.Debug|Any CPU.Build.0 = Debug|Any CPU
		{A1196FC6-4599-4756-AA24-181EB7BAEC1C}.Debug|x64.ActiveCfg = Debug|Any CPU
		{A1196FC6-4599-4756-AA24-181EB7BAEC1C}.Debug|x64.Build.0 = Debug|Any CPU
		{A1196FC6-4599-4756-AA24-181EB7BAEC1C}.Debug|x86.ActiveCfg = Debug|Any CPU
		{A1196FC6-4599-4756-AA24-181EB7BAEC1C}.Debug|x86.Build.0 = Debug|Any CPU
		{A1196FC6-4599-4756-AA24-181EB7BAEC1C}.Release|Any CPU.ActiveCfg = Release|Any CPU
		{A1196FC6-4599-4756-AA24-181EB7BAEC1C}.Release|Any CPU.Build.0 = Release|Any CPU
		{A1196FC6-4599-4756-AA24-181EB7BAEC1C}.Release|x64.ActiveCfg = Release|Any CPU
		{A1196FC6-4599-4756-AA24-181EB7BAEC1C}.Release|x64.Build.0 = Release|Any CPU
		{A1196FC6-4599-4756-AA24-181EB7BAEC1C}.Release|x86.ActiveCfg = Release|Any CPU
		{A1196FC6-4599-4756-AA24-181EB7BAEC1C}.Release|x86.Build.0 = Release|Any CPU
		{7B89973D-CDDC-4655-91DF-1AD66F87F5F0}.Debug|Any CPU.ActiveCfg = Debug|Any CPU
		{7B89973D-CDDC-4655-91DF-1AD66F87F5F0}.Debug|Any CPU.Build.0 = Debug|Any CPU
		{7B89973D-CDDC-4655-91DF-1AD66F87F5F0}.Debug|x64.ActiveCfg = Debug|Any CPU
		{7B89973D-CDDC-4655-91DF-1AD66F87F5F0}.Debug|x64.Build.0 = Debug|Any CPU
		{7B89973D-CDDC-4655-91DF-1AD66F87F5F0}.Debug|x86.ActiveCfg = Debug|Any CPU
		{7B89973D-CDDC-4655-91DF-1AD66F87F5F0}.Debug|x86.Build.0 = Debug|Any CPU
		{7B89973D-CDDC-4655-91DF-1AD66F87F5F0}.Release|Any CPU.ActiveCfg = Release|Any CPU
		{7B89973D-CDDC-4655-91DF-1AD66F87F5F0}.Release|Any CPU.Build.0 = Release|Any CPU
		{7B89973D-CDDC-4655-91DF-1AD66F87F5F0}.Release|x64.ActiveCfg = Release|Any CPU
		{7B89973D-CDDC-4655-91DF-1AD66F87F5F0}.Release|x64.Build.0 = Release|Any CPU
		{7B89973D-CDDC-4655-91DF-1AD66F87F5F0}.Release|x86.ActiveCfg = Release|Any CPU
		{7B89973D-CDDC-4655-91DF-1AD66F87F5F0}.Release|x86.Build.0 = Release|Any CPU
	EndGlobalSection
	GlobalSection(SolutionProperties) = preSolution
		HideSolutionNode = FALSE
	EndGlobalSection
EndGlobal
